// !$*UTF8*$!
{
	archiveVersion = 1;
	classes = {
	};
	objectVersion = 46;
	objects = {

/* Begin PBXBuildFile section */
		17FDBA67C046219896B687A1 /* Pods_Touristy.framework in Frameworks */ = {isa = PBXBuildFile; fileRef = 9E719BAACBD25DA65B81BA10 /* Pods_Touristy.framework */; };
		7CEC08CF3A75032CE7505417 /* Pods_TouristyUITests.framework in Frameworks */ = {isa = PBXBuildFile; fileRef = 141921D74F37B4D043D42C39 /* Pods_TouristyUITests.framework */; };
		8E6ABE91B36933341F41DD9E /* Pods_TouristyTests.framework in Frameworks */ = {isa = PBXBuildFile; fileRef = 23D11CFCDC95C5D19059A9F7 /* Pods_TouristyTests.framework */; };
		A70B7F1F1E54F038003E587A /* AppDelegate.swift in Sources */ = {isa = PBXBuildFile; fileRef = A70B7EF91E54F038003E587A /* AppDelegate.swift */; };
		A70B7F201E54F038003E587A /* AppScreenView.swift in Sources */ = {isa = PBXBuildFile; fileRef = A70B7EFA1E54F038003E587A /* AppScreenView.swift */; };
		A70B7F211E54F038003E587A /* AppScreenViewController.swift in Sources */ = {isa = PBXBuildFile; fileRef = A70B7EFB1E54F038003E587A /* AppScreenViewController.swift */; };
		A70B7F221E54F038003E587A /* AppScreenViewModel.swift in Sources */ = {isa = PBXBuildFile; fileRef = A70B7EFC1E54F038003E587A /* AppScreenViewModel.swift */; };
		A70B7F231E54F038003E587A /* Assets.xcassets in Resources */ = {isa = PBXBuildFile; fileRef = A70B7EFD1E54F038003E587A /* Assets.xcassets */; };
		A70B7F241E54F038003E587A /* Base.lproj in Resources */ = {isa = PBXBuildFile; fileRef = A70B7EFE1E54F038003E587A /* Base.lproj */; };
		A70B7F251E54F038003E587A /* Buttons.swift in Sources */ = {isa = PBXBuildFile; fileRef = A70B7EFF1E54F038003E587A /* Buttons.swift */; };
		A70B7F261E54F038003E587A /* CALayer+Extension.swift in Sources */ = {isa = PBXBuildFile; fileRef = A70B7F001E54F038003E587A /* CALayer+Extension.swift */; };
		A70B7F271E54F038003E587A /* Camera.swift in Sources */ = {isa = PBXBuildFile; fileRef = A70B7F011E54F038003E587A /* Camera.swift */; };
		A70B7F281E54F038003E587A /* CameraViewController.swift in Sources */ = {isa = PBXBuildFile; fileRef = A70B7F021E54F038003E587A /* CameraViewController.swift */; };
		A70B7F291E54F038003E587A /* ConcurrentOperations.swift in Sources */ = {isa = PBXBuildFile; fileRef = A70B7F031E54F038003E587A /* ConcurrentOperations.swift */; };
		A70B7F2A1E54F038003E587A /* Constants.swift in Sources */ = {isa = PBXBuildFile; fileRef = A70B7F041E54F038003E587A /* Constants.swift */; };
		A70B7F2B1E54F038003E587A /* DataDefaults.swift in Sources */ = {isa = PBXBuildFile; fileRef = A70B7F051E54F038003E587A /* DataDefaults.swift */; };
		A70B7F2C1E54F038003E587A /* FirebaseAPIClient.swift in Sources */ = {isa = PBXBuildFile; fileRef = A70B7F061E54F038003E587A /* FirebaseAPIClient.swift */; };
		A70B7F2D1E54F038003E587A /* HomeView.swift in Sources */ = {isa = PBXBuildFile; fileRef = A70B7F071E54F038003E587A /* HomeView.swift */; };
		A70B7F2E1E54F038003E587A /* HomeViewController.swift in Sources */ = {isa = PBXBuildFile; fileRef = A70B7F081E54F038003E587A /* HomeViewController.swift */; };
		A70B7F2F1E54F038003E587A /* Info.plist in Resources */ = {isa = PBXBuildFile; fileRef = A70B7F091E54F038003E587A /* Info.plist */; };
		A70B7F321E54F038003E587A /* MenuView.swift in Sources */ = {isa = PBXBuildFile; fileRef = A70B7F0C1E54F038003E587A /* MenuView.swift */; };
		A70B7F331E54F038003E587A /* Query.swift in Sources */ = {isa = PBXBuildFile; fileRef = A70B7F0D1E54F038003E587A /* Query.swift */; };
		A70B7F341E54F038003E587A /* QueryView.swift in Sources */ = {isa = PBXBuildFile; fileRef = A70B7F0E1E54F038003E587A /* QueryView.swift */; };
		A70B7F351E54F038003E587A /* QueryViewController.swift in Sources */ = {isa = PBXBuildFile; fileRef = A70B7F0F1E54F038003E587A /* QueryViewController.swift */; };
		A70B7F361E54F038003E587A /* Secrets.swift in Sources */ = {isa = PBXBuildFile; fileRef = A70B7F101E54F038003E587A /* Secrets.swift */; };
		A70B7F371E54F038003E587A /* SettingsCell.swift in Sources */ = {isa = PBXBuildFile; fileRef = A70B7F111E54F038003E587A /* SettingsCell.swift */; };
		A70B7F381E54F038003E587A /* SettingsViewController.swift in Sources */ = {isa = PBXBuildFile; fileRef = A70B7F121E54F038003E587A /* SettingsViewController.swift */; };
		A70B7F391E54F038003E587A /* SplashView.swift in Sources */ = {isa = PBXBuildFile; fileRef = A70B7F131E54F038003E587A /* SplashView.swift */; };
		A70B7F3A1E54F038003E587A /* SplashViewController.swift in Sources */ = {isa = PBXBuildFile; fileRef = A70B7F141E54F038003E587A /* SplashViewController.swift */; };
		A70B7F3B1E54F038003E587A /* SplashViewModel.swift in Sources */ = {isa = PBXBuildFile; fileRef = A70B7F151E54F038003E587A /* SplashViewModel.swift */; };
		A70B7F3C1E54F038003E587A /* TabBarController.swift in Sources */ = {isa = PBXBuildFile; fileRef = A70B7F161E54F038003E587A /* TabBarController.swift */; };
		A70B7F3E1E54F038003E587A /* Tourist.swift in Sources */ = {isa = PBXBuildFile; fileRef = A70B7F181E54F038003E587A /* Tourist.swift */; };
		A70B7F3F1E54F038003E587A /* TourMapViewController.swift in Sources */ = {isa = PBXBuildFile; fileRef = A70B7F191E54F038003E587A /* TourMapViewController.swift */; };
		A70B7F401E54F038003E587A /* TourSpotAnnotationView.swift in Sources */ = {isa = PBXBuildFile; fileRef = A70B7F1A1E54F038003E587A /* TourSpotAnnotationView.swift */; };
		A70B7F421E54F038003E587A /* TriviaAPIClient.swift in Sources */ = {isa = PBXBuildFile; fileRef = A70B7F1C1E54F038003E587A /* TriviaAPIClient.swift */; };
		A70B7F431E54F038003E587A /* UIColor+Extension.swift in Sources */ = {isa = PBXBuildFile; fileRef = A70B7F1D1E54F038003E587A /* UIColor+Extension.swift */; };
		A70B7F441E54F038003E587A /* UserLocationData.swift in Sources */ = {isa = PBXBuildFile; fileRef = A70B7F1E1E54F038003E587A /* UserLocationData.swift */; };
		A70B7F5F1E54FCFF003E587A /* Default-568h@2x.png in Resources */ = {isa = PBXBuildFile; fileRef = A70B7F5E1E54FCFF003E587A /* Default-568h@2x.png */; };
		A70E1D8F1E60414C0056DD32 /* LocationServices.swift in Sources */ = {isa = PBXBuildFile; fileRef = A70E1D8E1E60414C0056DD32 /* LocationServices.swift */; };
		A74653F51E5ABA5300CC0995 /* TourDataStore.swift in Sources */ = {isa = PBXBuildFile; fileRef = A74653F41E5ABA5300CC0995 /* TourDataStore.swift */; };
		A746FB081E5E2AC200D3BF65 /* TourMapViewModel.swift in Sources */ = {isa = PBXBuildFile; fileRef = A746FB071E5E2AC200D3BF65 /* TourMapViewModel.swift */; };
		A7563F651E503E9D003252FA /* TouristyTests.swift in Sources */ = {isa = PBXBuildFile; fileRef = A7563F641E503E9D003252FA /* TouristyTests.swift */; };
		A7563F701E503E9D003252FA /* TouristyUITests.swift in Sources */ = {isa = PBXBuildFile; fileRef = A7563F6F1E503E9D003252FA /* TouristyUITests.swift */; };
		A756C68E1E5AEBCC00B718F9 /* SocialMediaAPIClient.swift in Sources */ = {isa = PBXBuildFile; fileRef = A756C68D1E5AEBCC00B718F9 /* SocialMediaAPIClient.swift */; };
		A7E23AE31E5AF65B00F95B21 /* FoodLocations.swift in Sources */ = {isa = PBXBuildFile; fileRef = A7E23AE21E5AF65B00F95B21 /* FoodLocations.swift */; };
		A7E9911C1E5AAF73001CE354 /* TourAnnotation.swift in Sources */ = {isa = PBXBuildFile; fileRef = A7E9911B1E5AAF73001CE354 /* TourAnnotation.swift */; };
/* End PBXBuildFile section */

/* Begin PBXContainerItemProxy section */
		A7563F611E503E9D003252FA /* PBXContainerItemProxy */ = {
			isa = PBXContainerItemProxy;
			containerPortal = A7563F441E503E9D003252FA /* Project object */;
			proxyType = 1;
			remoteGlobalIDString = A7563F4B1E503E9D003252FA;
			remoteInfo = Touristy;
		};
		A7563F6C1E503E9D003252FA /* PBXContainerItemProxy */ = {
			isa = PBXContainerItemProxy;
			containerPortal = A7563F441E503E9D003252FA /* Project object */;
			proxyType = 1;
			remoteGlobalIDString = A7563F4B1E503E9D003252FA;
			remoteInfo = Touristy;
		};
/* End PBXContainerItemProxy section */

/* Begin PBXCopyFilesBuildPhase section */
		A7563F821E504452003252FA /* Embed Frameworks */ = {
			isa = PBXCopyFilesBuildPhase;
			buildActionMask = 2147483647;
			dstPath = "";
			dstSubfolderSpec = 10;
			files = (
			);
			name = "Embed Frameworks";
			runOnlyForDeploymentPostprocessing = 0;
		};
/* End PBXCopyFilesBuildPhase section */

/* Begin PBXFileReference section */
		0B78FA761A3D13FB14DCB22F /* Pods-TouristyUITests.debug.xcconfig */ = {isa = PBXFileReference; includeInIndex = 1; lastKnownFileType = text.xcconfig; name = "Pods-TouristyUITests.debug.xcconfig"; path = "Pods/Target Support Files/Pods-TouristyUITests/Pods-TouristyUITests.debug.xcconfig"; sourceTree = "<group>"; };
		141921D74F37B4D043D42C39 /* Pods_TouristyUITests.framework */ = {isa = PBXFileReference; explicitFileType = wrapper.framework; includeInIndex = 0; path = Pods_TouristyUITests.framework; sourceTree = BUILT_PRODUCTS_DIR; };
		23D11CFCDC95C5D19059A9F7 /* Pods_TouristyTests.framework */ = {isa = PBXFileReference; explicitFileType = wrapper.framework; includeInIndex = 0; path = Pods_TouristyTests.framework; sourceTree = BUILT_PRODUCTS_DIR; };
		2E7A95578A6645BDF94D8E36 /* Pods-Touristy.release.xcconfig */ = {isa = PBXFileReference; includeInIndex = 1; lastKnownFileType = text.xcconfig; name = "Pods-Touristy.release.xcconfig"; path = "Pods/Target Support Files/Pods-Touristy/Pods-Touristy.release.xcconfig"; sourceTree = "<group>"; };
		33192084FC4A1513003DEBC7 /* Pods-TouristyUITests.release.xcconfig */ = {isa = PBXFileReference; includeInIndex = 1; lastKnownFileType = text.xcconfig; name = "Pods-TouristyUITests.release.xcconfig"; path = "Pods/Target Support Files/Pods-TouristyUITests/Pods-TouristyUITests.release.xcconfig"; sourceTree = "<group>"; };
		7A4AB0C357325C50140BA1C2 /* Pods-TouristyTests.release.xcconfig */ = {isa = PBXFileReference; includeInIndex = 1; lastKnownFileType = text.xcconfig; name = "Pods-TouristyTests.release.xcconfig"; path = "Pods/Target Support Files/Pods-TouristyTests/Pods-TouristyTests.release.xcconfig"; sourceTree = "<group>"; };
		9E719BAACBD25DA65B81BA10 /* Pods_Touristy.framework */ = {isa = PBXFileReference; explicitFileType = wrapper.framework; includeInIndex = 0; path = Pods_Touristy.framework; sourceTree = BUILT_PRODUCTS_DIR; };
		A70B7EF91E54F038003E587A /* AppDelegate.swift */ = {isa = PBXFileReference; fileEncoding = 4; lastKnownFileType = sourcecode.swift; path = AppDelegate.swift; sourceTree = "<group>"; };
		A70B7EFA1E54F038003E587A /* AppScreenView.swift */ = {isa = PBXFileReference; fileEncoding = 4; lastKnownFileType = sourcecode.swift; path = AppScreenView.swift; sourceTree = "<group>"; };
		A70B7EFB1E54F038003E587A /* AppScreenViewController.swift */ = {isa = PBXFileReference; fileEncoding = 4; lastKnownFileType = sourcecode.swift; path = AppScreenViewController.swift; sourceTree = "<group>"; };
		A70B7EFC1E54F038003E587A /* AppScreenViewModel.swift */ = {isa = PBXFileReference; fileEncoding = 4; lastKnownFileType = sourcecode.swift; path = AppScreenViewModel.swift; sourceTree = "<group>"; };
		A70B7EFD1E54F038003E587A /* Assets.xcassets */ = {isa = PBXFileReference; lastKnownFileType = folder.assetcatalog; path = Assets.xcassets; sourceTree = "<group>"; };
		A70B7EFE1E54F038003E587A /* Base.lproj */ = {isa = PBXFileReference; lastKnownFileType = folder; path = Base.lproj; sourceTree = "<group>"; };
		A70B7EFF1E54F038003E587A /* Buttons.swift */ = {isa = PBXFileReference; fileEncoding = 4; lastKnownFileType = sourcecode.swift; path = Buttons.swift; sourceTree = "<group>"; };
		A70B7F001E54F038003E587A /* CALayer+Extension.swift */ = {isa = PBXFileReference; fileEncoding = 4; lastKnownFileType = sourcecode.swift; path = "CALayer+Extension.swift"; sourceTree = "<group>"; };
		A70B7F011E54F038003E587A /* Camera.swift */ = {isa = PBXFileReference; fileEncoding = 4; lastKnownFileType = sourcecode.swift; path = Camera.swift; sourceTree = "<group>"; };
		A70B7F021E54F038003E587A /* CameraViewController.swift */ = {isa = PBXFileReference; fileEncoding = 4; lastKnownFileType = sourcecode.swift; path = CameraViewController.swift; sourceTree = "<group>"; };
		A70B7F031E54F038003E587A /* ConcurrentOperations.swift */ = {isa = PBXFileReference; fileEncoding = 4; lastKnownFileType = sourcecode.swift; path = ConcurrentOperations.swift; sourceTree = "<group>"; };
		A70B7F041E54F038003E587A /* Constants.swift */ = {isa = PBXFileReference; fileEncoding = 4; lastKnownFileType = sourcecode.swift; path = Constants.swift; sourceTree = "<group>"; };
		A70B7F051E54F038003E587A /* DataDefaults.swift */ = {isa = PBXFileReference; fileEncoding = 4; lastKnownFileType = sourcecode.swift; path = DataDefaults.swift; sourceTree = "<group>"; };
		A70B7F061E54F038003E587A /* FirebaseAPIClient.swift */ = {isa = PBXFileReference; fileEncoding = 4; lastKnownFileType = sourcecode.swift; path = FirebaseAPIClient.swift; sourceTree = "<group>"; };
		A70B7F071E54F038003E587A /* HomeView.swift */ = {isa = PBXFileReference; fileEncoding = 4; lastKnownFileType = sourcecode.swift; path = HomeView.swift; sourceTree = "<group>"; };
		A70B7F081E54F038003E587A /* HomeViewController.swift */ = {isa = PBXFileReference; fileEncoding = 4; lastKnownFileType = sourcecode.swift; path = HomeViewController.swift; sourceTree = "<group>"; };
		A70B7F091E54F038003E587A /* Info.plist */ = {isa = PBXFileReference; fileEncoding = 4; lastKnownFileType = text.plist.xml; path = Info.plist; sourceTree = "<group>"; };
		A70B7F0C1E54F038003E587A /* MenuView.swift */ = {isa = PBXFileReference; fileEncoding = 4; lastKnownFileType = sourcecode.swift; path = MenuView.swift; sourceTree = "<group>"; };
		A70B7F0D1E54F038003E587A /* Query.swift */ = {isa = PBXFileReference; fileEncoding = 4; lastKnownFileType = sourcecode.swift; path = Query.swift; sourceTree = "<group>"; };
		A70B7F0E1E54F038003E587A /* QueryView.swift */ = {isa = PBXFileReference; fileEncoding = 4; lastKnownFileType = sourcecode.swift; path = QueryView.swift; sourceTree = "<group>"; };
		A70B7F0F1E54F038003E587A /* QueryViewController.swift */ = {isa = PBXFileReference; fileEncoding = 4; lastKnownFileType = sourcecode.swift; path = QueryViewController.swift; sourceTree = "<group>"; };
		A70B7F101E54F038003E587A /* Secrets.swift */ = {isa = PBXFileReference; fileEncoding = 4; lastKnownFileType = sourcecode.swift; path = Secrets.swift; sourceTree = "<group>"; };
		A70B7F111E54F038003E587A /* SettingsCell.swift */ = {isa = PBXFileReference; fileEncoding = 4; lastKnownFileType = sourcecode.swift; path = SettingsCell.swift; sourceTree = "<group>"; };
		A70B7F121E54F038003E587A /* SettingsViewController.swift */ = {isa = PBXFileReference; fileEncoding = 4; lastKnownFileType = sourcecode.swift; path = SettingsViewController.swift; sourceTree = "<group>"; };
		A70B7F131E54F038003E587A /* SplashView.swift */ = {isa = PBXFileReference; fileEncoding = 4; lastKnownFileType = sourcecode.swift; path = SplashView.swift; sourceTree = "<group>"; };
		A70B7F141E54F038003E587A /* SplashViewController.swift */ = {isa = PBXFileReference; fileEncoding = 4; lastKnownFileType = sourcecode.swift; path = SplashViewController.swift; sourceTree = "<group>"; };
		A70B7F151E54F038003E587A /* SplashViewModel.swift */ = {isa = PBXFileReference; fileEncoding = 4; lastKnownFileType = sourcecode.swift; path = SplashViewModel.swift; sourceTree = "<group>"; };
		A70B7F161E54F038003E587A /* TabBarController.swift */ = {isa = PBXFileReference; fileEncoding = 4; lastKnownFileType = sourcecode.swift; path = TabBarController.swift; sourceTree = "<group>"; };
		A70B7F181E54F038003E587A /* Tourist.swift */ = {isa = PBXFileReference; fileEncoding = 4; lastKnownFileType = sourcecode.swift; path = Tourist.swift; sourceTree = "<group>"; };
		A70B7F191E54F038003E587A /* TourMapViewController.swift */ = {isa = PBXFileReference; fileEncoding = 4; lastKnownFileType = sourcecode.swift; path = TourMapViewController.swift; sourceTree = "<group>"; };
		A70B7F1A1E54F038003E587A /* TourSpotAnnotationView.swift */ = {isa = PBXFileReference; fileEncoding = 4; lastKnownFileType = sourcecode.swift; path = TourSpotAnnotationView.swift; sourceTree = "<group>"; };
		A70B7F1C1E54F038003E587A /* TriviaAPIClient.swift */ = {isa = PBXFileReference; fileEncoding = 4; lastKnownFileType = sourcecode.swift; path = TriviaAPIClient.swift; sourceTree = "<group>"; };
		A70B7F1D1E54F038003E587A /* UIColor+Extension.swift */ = {isa = PBXFileReference; fileEncoding = 4; lastKnownFileType = sourcecode.swift; path = "UIColor+Extension.swift"; sourceTree = "<group>"; };
		A70B7F1E1E54F038003E587A /* UserLocationData.swift */ = {isa = PBXFileReference; fileEncoding = 4; lastKnownFileType = sourcecode.swift; name = UserLocationData.swift; path = ../../Application/Data/Location/UserLocationData.swift; sourceTree = "<group>"; };
		A70B7F5E1E54FCFF003E587A /* Default-568h@2x.png */ = {isa = PBXFileReference; lastKnownFileType = image.png; path = "Default-568h@2x.png"; sourceTree = "<group>"; };
		A70E1D8E1E60414C0056DD32 /* LocationServices.swift */ = {isa = PBXFileReference; fileEncoding = 4; lastKnownFileType = sourcecode.swift; path = LocationServices.swift; sourceTree = "<group>"; };
		A74653F41E5ABA5300CC0995 /* TourDataStore.swift */ = {isa = PBXFileReference; fileEncoding = 4; lastKnownFileType = sourcecode.swift; path = TourDataStore.swift; sourceTree = "<group>"; };
		A746FB071E5E2AC200D3BF65 /* TourMapViewModel.swift */ = {isa = PBXFileReference; fileEncoding = 4; lastKnownFileType = sourcecode.swift; path = TourMapViewModel.swift; sourceTree = "<group>"; };
		A7563F4C1E503E9D003252FA /* Touristy.app */ = {isa = PBXFileReference; explicitFileType = wrapper.application; includeInIndex = 0; path = Touristy.app; sourceTree = BUILT_PRODUCTS_DIR; };
		A7563F601E503E9D003252FA /* TouristyTests.xctest */ = {isa = PBXFileReference; explicitFileType = wrapper.cfbundle; includeInIndex = 0; path = TouristyTests.xctest; sourceTree = BUILT_PRODUCTS_DIR; };
		A7563F641E503E9D003252FA /* TouristyTests.swift */ = {isa = PBXFileReference; lastKnownFileType = sourcecode.swift; path = TouristyTests.swift; sourceTree = "<group>"; };
		A7563F661E503E9D003252FA /* Info.plist */ = {isa = PBXFileReference; lastKnownFileType = text.plist.xml; path = Info.plist; sourceTree = "<group>"; };
		A7563F6B1E503E9D003252FA /* TouristyUITests.xctest */ = {isa = PBXFileReference; explicitFileType = wrapper.cfbundle; includeInIndex = 0; path = TouristyUITests.xctest; sourceTree = BUILT_PRODUCTS_DIR; };
		A7563F6F1E503E9D003252FA /* TouristyUITests.swift */ = {isa = PBXFileReference; lastKnownFileType = sourcecode.swift; path = TouristyUITests.swift; sourceTree = "<group>"; };
		A7563F711E503E9D003252FA /* Info.plist */ = {isa = PBXFileReference; lastKnownFileType = text.plist.xml; path = Info.plist; sourceTree = "<group>"; };
		A756C68D1E5AEBCC00B718F9 /* SocialMediaAPIClient.swift */ = {isa = PBXFileReference; fileEncoding = 4; lastKnownFileType = sourcecode.swift; path = SocialMediaAPIClient.swift; sourceTree = "<group>"; };
		A7E23AE21E5AF65B00F95B21 /* FoodLocations.swift */ = {isa = PBXFileReference; fileEncoding = 4; lastKnownFileType = sourcecode.swift; path = FoodLocations.swift; sourceTree = "<group>"; };
		A7E9911B1E5AAF73001CE354 /* TourAnnotation.swift */ = {isa = PBXFileReference; fileEncoding = 4; lastKnownFileType = sourcecode.swift; path = TourAnnotation.swift; sourceTree = "<group>"; };
		FAF5817D633A407A91290535 /* Pods-Touristy.debug.xcconfig */ = {isa = PBXFileReference; includeInIndex = 1; lastKnownFileType = text.xcconfig; name = "Pods-Touristy.debug.xcconfig"; path = "Pods/Target Support Files/Pods-Touristy/Pods-Touristy.debug.xcconfig"; sourceTree = "<group>"; };
		FCF540511C46731EC82F7BC3 /* Pods-TouristyTests.debug.xcconfig */ = {isa = PBXFileReference; includeInIndex = 1; lastKnownFileType = text.xcconfig; name = "Pods-TouristyTests.debug.xcconfig"; path = "Pods/Target Support Files/Pods-TouristyTests/Pods-TouristyTests.debug.xcconfig"; sourceTree = "<group>"; };
/* End PBXFileReference section */

/* Begin PBXFrameworksBuildPhase section */
		A7563F491E503E9D003252FA /* Frameworks */ = {
			isa = PBXFrameworksBuildPhase;
			buildActionMask = 2147483647;
			files = (
				17FDBA67C046219896B687A1 /* Pods_Touristy.framework in Frameworks */,
			);
			runOnlyForDeploymentPostprocessing = 0;
		};
		A7563F5D1E503E9D003252FA /* Frameworks */ = {
			isa = PBXFrameworksBuildPhase;
			buildActionMask = 2147483647;
			files = (
				8E6ABE91B36933341F41DD9E /* Pods_TouristyTests.framework in Frameworks */,
			);
			runOnlyForDeploymentPostprocessing = 0;
		};
		A7563F681E503E9D003252FA /* Frameworks */ = {
			isa = PBXFrameworksBuildPhase;
			buildActionMask = 2147483647;
			files = (
				7CEC08CF3A75032CE7505417 /* Pods_TouristyUITests.framework in Frameworks */,
			);
			runOnlyForDeploymentPostprocessing = 0;
		};
/* End PBXFrameworksBuildPhase section */

/* Begin PBXGroup section */
		708C9C4CFE96240C939FD169 /* Pods */ = {
			isa = PBXGroup;
			children = (
				FAF5817D633A407A91290535 /* Pods-Touristy.debug.xcconfig */,
				2E7A95578A6645BDF94D8E36 /* Pods-Touristy.release.xcconfig */,
				FCF540511C46731EC82F7BC3 /* Pods-TouristyTests.debug.xcconfig */,
				7A4AB0C357325C50140BA1C2 /* Pods-TouristyTests.release.xcconfig */,
				0B78FA761A3D13FB14DCB22F /* Pods-TouristyUITests.debug.xcconfig */,
				33192084FC4A1513003DEBC7 /* Pods-TouristyUITests.release.xcconfig */,
			);
			name = Pods;
			sourceTree = "<group>";
		};
		A70B7F451E54F044003E587A /* AppScreen */ = {
			isa = PBXGroup;
			children = (
				A70B7F571E54F1C4003E587A /* Controller */,
				A70B7F581E54F1CC003E587A /* View */,
			);
			path = AppScreen;
			sourceTree = "<group>";
		};
		A70B7F461E54F054003E587A /* HomeScreen */ = {
			isa = PBXGroup;
			children = (
				A70B7F071E54F038003E587A /* HomeView.swift */,
				A70B7F081E54F038003E587A /* HomeViewController.swift */,
			);
			path = HomeScreen;
			sourceTree = "<group>";
		};
		A70B7F471E54F05D003E587A /* QueryScreen */ = {
			isa = PBXGroup;
			children = (
				A70B7F0E1E54F038003E587A /* QueryView.swift */,
				A70B7F0F1E54F038003E587A /* QueryViewController.swift */,
			);
			path = QueryScreen;
			sourceTree = "<group>";
		};
		A70B7F481E54F078003E587A /* SplashScreen */ = {
			isa = PBXGroup;
			children = (
				A70B7F551E54F1AD003E587A /* Controller */,
				A70B7F561E54F1B5003E587A /* View */,
			);
			path = SplashScreen;
			sourceTree = "<group>";
		};
		A70B7F491E54F083003E587A /* TourScreen */ = {
			isa = PBXGroup;
			children = (
				A70B7F191E54F038003E587A /* TourMapViewController.swift */,
				A746FB071E5E2AC200D3BF65 /* TourMapViewModel.swift */,
				A70B7F1A1E54F038003E587A /* TourSpotAnnotationView.swift */,
				A7E9911B1E5AAF73001CE354 /* TourAnnotation.swift */,
			);
			path = TourScreen;
			sourceTree = "<group>";
		};
		A70B7F4A1E54F096003E587A /* SettingsScreen */ = {
			isa = PBXGroup;
			children = (
				A70B7F111E54F038003E587A /* SettingsCell.swift */,
				A70B7F121E54F038003E587A /* SettingsViewController.swift */,
			);
			path = SettingsScreen;
			sourceTree = "<group>";
		};
		A70B7F4B1E54F0BA003E587A /* Camera */ = {
			isa = PBXGroup;
			children = (
				A70B7F011E54F038003E587A /* Camera.swift */,
				A70B7F021E54F038003E587A /* CameraViewController.swift */,
			);
			path = Camera;
			sourceTree = "<group>";
		};
		A70B7F4C1E54F11B003E587A /* Models */ = {
			isa = PBXGroup;
			children = (
				A70B7F5A1E54F1EF003E587A /* DataModels */,
			);
			name = Models;
			path = ../../Models;
			sourceTree = "<group>";
		};
		A70B7F4D1E54F125003E587A /* Data */ = {
			isa = PBXGroup;
			children = (
				A70B7F4C1E54F11B003E587A /* Models */,
				A70B7F501E54F15D003E587A /* Location */,
				A70B7F4F1E54F154003E587A /* Network */,
				A70B7F051E54F038003E587A /* DataDefaults.swift */,
			);
			path = Data;
			sourceTree = "<group>";
		};
		A70B7F4E1E54F130003E587A /* Shared */ = {
			isa = PBXGroup;
			children = (
				A70B7F531E54F192003E587A /* Extensions */,
				A70B7F541E54F199003E587A /* UI */,
				A70B7F511E54F178003E587A /* Variables */,
				A70B7F521E54F188003E587A /* Views */,
			);
			path = Shared;
			sourceTree = "<group>";
		};
		A70B7F4F1E54F154003E587A /* Network */ = {
			isa = PBXGroup;
			children = (
				A70B7F031E54F038003E587A /* ConcurrentOperations.swift */,
				A70B7F061E54F038003E587A /* FirebaseAPIClient.swift */,
				A70B7F1C1E54F038003E587A /* TriviaAPIClient.swift */,
				A756C68D1E5AEBCC00B718F9 /* SocialMediaAPIClient.swift */,
			);
			path = Network;
			sourceTree = "<group>";
		};
		A70B7F501E54F15D003E587A /* Location */ = {
			isa = PBXGroup;
			children = (
				A70B7F591E54F1E3003E587A /* LocationModels */,
				A70E1D8E1E60414C0056DD32 /* LocationServices.swift */,
			);
			path = Location;
			sourceTree = "<group>";
		};
		A70B7F511E54F178003E587A /* Variables */ = {
			isa = PBXGroup;
			children = (
				A70B7F041E54F038003E587A /* Constants.swift */,
				A70B7F101E54F038003E587A /* Secrets.swift */,
			);
			path = Variables;
			sourceTree = "<group>";
		};
		A70B7F521E54F188003E587A /* Views */ = {
			isa = PBXGroup;
			children = (
				A70B7F0C1E54F038003E587A /* MenuView.swift */,
				A70B7F161E54F038003E587A /* TabBarController.swift */,
			);
			path = Views;
			sourceTree = "<group>";
		};
		A70B7F531E54F192003E587A /* Extensions */ = {
			isa = PBXGroup;
			children = (
				A70B7F001E54F038003E587A /* CALayer+Extension.swift */,
				A70B7F1D1E54F038003E587A /* UIColor+Extension.swift */,
			);
			path = Extensions;
			sourceTree = "<group>";
		};
		A70B7F541E54F199003E587A /* UI */ = {
			isa = PBXGroup;
			children = (
				A70B7EFF1E54F038003E587A /* Buttons.swift */,
			);
			path = UI;
			sourceTree = "<group>";
		};
		A70B7F551E54F1AD003E587A /* Controller */ = {
			isa = PBXGroup;
			children = (
				A70B7F141E54F038003E587A /* SplashViewController.swift */,
			);
			path = Controller;
			sourceTree = "<group>";
		};
		A70B7F561E54F1B5003E587A /* View */ = {
			isa = PBXGroup;
			children = (
				A70B7F131E54F038003E587A /* SplashView.swift */,
				A70B7F151E54F038003E587A /* SplashViewModel.swift */,
			);
			path = View;
			sourceTree = "<group>";
		};
		A70B7F571E54F1C4003E587A /* Controller */ = {
			isa = PBXGroup;
			children = (
				A70B7EFB1E54F038003E587A /* AppScreenViewController.swift */,
			);
			path = Controller;
			sourceTree = "<group>";
		};
		A70B7F581E54F1CC003E587A /* View */ = {
			isa = PBXGroup;
			children = (
				A70B7EFA1E54F038003E587A /* AppScreenView.swift */,
				A70B7EFC1E54F038003E587A /* AppScreenViewModel.swift */,
			);
			path = View;
			sourceTree = "<group>";
		};
		A70B7F591E54F1E3003E587A /* LocationModels */ = {
			isa = PBXGroup;
			children = (
				A70B7F1E1E54F038003E587A /* UserLocationData.swift */,
				A74653F41E5ABA5300CC0995 /* TourDataStore.swift */,
				A7E23AE21E5AF65B00F95B21 /* FoodLocations.swift */,
			);
			name = LocationModels;
			path = ../../../Models/LocationModels;
			sourceTree = "<group>";
		};
		A70B7F5A1E54F1EF003E587A /* DataModels */ = {
			isa = PBXGroup;
			children = (
				A70B7F0D1E54F038003E587A /* Query.swift */,
				A70B7F181E54F038003E587A /* Tourist.swift */,
			);
			path = DataModels;
			sourceTree = "<group>";
		};
		A70B7F5B1E54F213003E587A /* AppIncludes */ = {
			isa = PBXGroup;
			children = (
				A70B7EF91E54F038003E587A /* AppDelegate.swift */,
				A70B7EFD1E54F038003E587A /* Assets.xcassets */,
				A70B7EFE1E54F038003E587A /* Base.lproj */,
				A70B7F091E54F038003E587A /* Info.plist */,
			);
			path = AppIncludes;
			sourceTree = "<group>";
		};
		A70B7F5C1E54F223003E587A /* Application */ = {
			isa = PBXGroup;
			children = (
				A70B7F4D1E54F125003E587A /* Data */,
			);
			path = Application;
			sourceTree = "<group>";
		};
		A70B7F5D1E54F238003E587A /* UI */ = {
			isa = PBXGroup;
			children = (
				A70B7F451E54F044003E587A /* AppScreen */,
				A70B7F4B1E54F0BA003E587A /* Camera */,
				A70B7F461E54F054003E587A /* HomeScreen */,
				A70B7F471E54F05D003E587A /* QueryScreen */,
				A70B7F4A1E54F096003E587A /* SettingsScreen */,
				A70B7F481E54F078003E587A /* SplashScreen */,
				A70B7F491E54F083003E587A /* TourScreen */,
			);
			path = UI;
			sourceTree = "<group>";
		};
		A7563F431E503E9D003252FA = {
			isa = PBXGroup;
			children = (
				A70B7F5E1E54FCFF003E587A /* Default-568h@2x.png */,
				BFB47BF43CE089D2D6A2E07D /* Frameworks */,
				708C9C4CFE96240C939FD169 /* Pods */,
				A7563F4D1E503E9D003252FA /* Products */,
				A7563F4E1E503E9D003252FA /* Touristy */,
				A7563F631E503E9D003252FA /* TouristyTests */,
				A7563F6E1E503E9D003252FA /* TouristyUITests */,
			);
			sourceTree = "<group>";
		};
		A7563F4D1E503E9D003252FA /* Products */ = {
			isa = PBXGroup;
			children = (
				A7563F4C1E503E9D003252FA /* Touristy.app */,
				A7563F601E503E9D003252FA /* TouristyTests.xctest */,
				A7563F6B1E503E9D003252FA /* TouristyUITests.xctest */,
			);
			name = Products;
			sourceTree = "<group>";
		};
		A7563F4E1E503E9D003252FA /* Touristy */ = {
			isa = PBXGroup;
			children = (
				A70B7F5B1E54F213003E587A /* AppIncludes */,
				A70B7F5C1E54F223003E587A /* Application */,
				A70B7F4E1E54F130003E587A /* Shared */,
				A70B7F5D1E54F238003E587A /* UI */,
			);
			path = Touristy;
			sourceTree = "<group>";
		};
		A7563F631E503E9D003252FA /* TouristyTests */ = {
			isa = PBXGroup;
			children = (
				A7563F661E503E9D003252FA /* Info.plist */,
				A7563F641E503E9D003252FA /* TouristyTests.swift */,
			);
			path = TouristyTests;
			sourceTree = "<group>";
		};
		A7563F6E1E503E9D003252FA /* TouristyUITests */ = {
			isa = PBXGroup;
			children = (
				A7563F711E503E9D003252FA /* Info.plist */,
				A7563F6F1E503E9D003252FA /* TouristyUITests.swift */,
			);
			path = TouristyUITests;
			sourceTree = "<group>";
		};
		BFB47BF43CE089D2D6A2E07D /* Frameworks */ = {
			isa = PBXGroup;
			children = (
				9E719BAACBD25DA65B81BA10 /* Pods_Touristy.framework */,
				23D11CFCDC95C5D19059A9F7 /* Pods_TouristyTests.framework */,
				141921D74F37B4D043D42C39 /* Pods_TouristyUITests.framework */,
			);
			name = Frameworks;
			sourceTree = "<group>";
		};
/* End PBXGroup section */

/* Begin PBXNativeTarget section */
		A7563F4B1E503E9D003252FA /* Touristy */ = {
			isa = PBXNativeTarget;
			buildConfigurationList = A7563F741E503E9D003252FA /* Build configuration list for PBXNativeTarget "Touristy" */;
			buildPhases = (
				62E1E1A66EAC68D1C968674E /* [CP] Check Pods Manifest.lock */,
				A7563F481E503E9D003252FA /* Sources */,
				A7563F491E503E9D003252FA /* Frameworks */,
				A7563F4A1E503E9D003252FA /* Resources */,
				B4828C228FC70124FF72A680 /* [CP] Embed Pods Frameworks */,
				837253EC31C26BBD597DBF7B /* [CP] Copy Pods Resources */,
				A7563F821E504452003252FA /* Embed Frameworks */,
			);
			buildRules = (
			);
			dependencies = (
			);
			name = Touristy;
			productName = Touristy;
			productReference = A7563F4C1E503E9D003252FA /* Touristy.app */;
			productType = "com.apple.product-type.application";
		};
		A7563F5F1E503E9D003252FA /* TouristyTests */ = {
			isa = PBXNativeTarget;
			buildConfigurationList = A7563F771E503E9D003252FA /* Build configuration list for PBXNativeTarget "TouristyTests" */;
			buildPhases = (
				F3C0DCD770B5BE144817B669 /* [CP] Check Pods Manifest.lock */,
				A7563F5C1E503E9D003252FA /* Sources */,
				A7563F5D1E503E9D003252FA /* Frameworks */,
				A7563F5E1E503E9D003252FA /* Resources */,
				63FB6F41DDEB47643DE0A72B /* [CP] Embed Pods Frameworks */,
				12BE9EA282F5FB3E212AC7CD /* [CP] Copy Pods Resources */,
			);
			buildRules = (
			);
			dependencies = (
				A7563F621E503E9D003252FA /* PBXTargetDependency */,
			);
			name = TouristyTests;
			productName = TouristyTests;
			productReference = A7563F601E503E9D003252FA /* TouristyTests.xctest */;
			productType = "com.apple.product-type.bundle.unit-test";
		};
		A7563F6A1E503E9D003252FA /* TouristyUITests */ = {
			isa = PBXNativeTarget;
			buildConfigurationList = A7563F7A1E503E9D003252FA /* Build configuration list for PBXNativeTarget "TouristyUITests" */;
			buildPhases = (
				93B6058C2F90D6B8A5484138 /* [CP] Check Pods Manifest.lock */,
				A7563F671E503E9D003252FA /* Sources */,
				A7563F681E503E9D003252FA /* Frameworks */,
				A7563F691E503E9D003252FA /* Resources */,
				A80B4A83924524EC6473263A /* [CP] Embed Pods Frameworks */,
				82B82AC7630D325EF095694B /* [CP] Copy Pods Resources */,
			);
			buildRules = (
			);
			dependencies = (
				A7563F6D1E503E9D003252FA /* PBXTargetDependency */,
			);
			name = TouristyUITests;
			productName = TouristyUITests;
			productReference = A7563F6B1E503E9D003252FA /* TouristyUITests.xctest */;
			productType = "com.apple.product-type.bundle.ui-testing";
		};
/* End PBXNativeTarget section */

/* Begin PBXProject section */
		A7563F441E503E9D003252FA /* Project object */ = {
			isa = PBXProject;
			attributes = {
				LastSwiftUpdateCheck = 0820;
				LastUpgradeCheck = 0820;
				ORGANIZATIONNAME = "Christopher Webb-Orenstein";
				TargetAttributes = {
					A7563F4B1E503E9D003252FA = {
						CreatedOnToolsVersion = 8.2.1;
						DevelopmentTeam = 4SZP4Q326F;
						LastSwiftMigration = 0820;
						ProvisioningStyle = Automatic;
					};
					A7563F5F1E503E9D003252FA = {
						CreatedOnToolsVersion = 8.2.1;
						DevelopmentTeam = 4SZP4Q326F;
						LastSwiftMigration = 0820;
						ProvisioningStyle = Automatic;
						TestTargetID = A7563F4B1E503E9D003252FA;
					};
					A7563F6A1E503E9D003252FA = {
						CreatedOnToolsVersion = 8.2.1;
						DevelopmentTeam = 4SZP4Q326F;
						LastSwiftMigration = 0820;
						ProvisioningStyle = Automatic;
						TestTargetID = A7563F4B1E503E9D003252FA;
					};
				};
			};
			buildConfigurationList = A7563F471E503E9D003252FA /* Build configuration list for PBXProject "Touristy" */;
			compatibilityVersion = "Xcode 3.2";
			developmentRegion = English;
			hasScannedForEncodings = 0;
			knownRegions = (
				en,
				Base,
			);
			mainGroup = A7563F431E503E9D003252FA;
			productRefGroup = A7563F4D1E503E9D003252FA /* Products */;
			projectDirPath = "";
			projectRoot = "";
			targets = (
				A7563F4B1E503E9D003252FA /* Touristy */,
				A7563F5F1E503E9D003252FA /* TouristyTests */,
				A7563F6A1E503E9D003252FA /* TouristyUITests */,
			);
		};
/* End PBXProject section */

/* Begin PBXResourcesBuildPhase section */
		A7563F4A1E503E9D003252FA /* Resources */ = {
			isa = PBXResourcesBuildPhase;
			buildActionMask = 2147483647;
			files = (
				A70B7F241E54F038003E587A /* Base.lproj in Resources */,
				A70B7F5F1E54FCFF003E587A /* Default-568h@2x.png in Resources */,
				A70B7F231E54F038003E587A /* Assets.xcassets in Resources */,
				A70B7F2F1E54F038003E587A /* Info.plist in Resources */,
			);
			runOnlyForDeploymentPostprocessing = 0;
		};
		A7563F5E1E503E9D003252FA /* Resources */ = {
			isa = PBXResourcesBuildPhase;
			buildActionMask = 2147483647;
			files = (
			);
			runOnlyForDeploymentPostprocessing = 0;
		};
		A7563F691E503E9D003252FA /* Resources */ = {
			isa = PBXResourcesBuildPhase;
			buildActionMask = 2147483647;
			files = (
			);
			runOnlyForDeploymentPostprocessing = 0;
		};
/* End PBXResourcesBuildPhase section */

/* Begin PBXShellScriptBuildPhase section */
		12BE9EA282F5FB3E212AC7CD /* [CP] Copy Pods Resources */ = {
			isa = PBXShellScriptBuildPhase;
			buildActionMask = 2147483647;
			files = (
			);
			inputPaths = (
			);
			name = "[CP] Copy Pods Resources";
			outputPaths = (
			);
			runOnlyForDeploymentPostprocessing = 0;
			shellPath = /bin/sh;
			shellScript = "\"${SRCROOT}/Pods/Target Support Files/Pods-TouristyTests/Pods-TouristyTests-resources.sh\"\n";
			showEnvVarsInLog = 0;
		};
		62E1E1A66EAC68D1C968674E /* [CP] Check Pods Manifest.lock */ = {
			isa = PBXShellScriptBuildPhase;
			buildActionMask = 2147483647;
			files = (
			);
			inputPaths = (
			);
			name = "[CP] Check Pods Manifest.lock";
			outputPaths = (
			);
			runOnlyForDeploymentPostprocessing = 0;
			shellPath = /bin/sh;
			shellScript = "diff \"${PODS_ROOT}/../Podfile.lock\" \"${PODS_ROOT}/Manifest.lock\" > /dev/null\nif [ $? != 0 ] ; then\n    # print error to STDERR\n    echo \"error: The sandbox is not in sync with the Podfile.lock. Run 'pod install' or update your CocoaPods installation.\" >&2\n    exit 1\nfi\n";
			showEnvVarsInLog = 0;
		};
		63FB6F41DDEB47643DE0A72B /* [CP] Embed Pods Frameworks */ = {
			isa = PBXShellScriptBuildPhase;
			buildActionMask = 2147483647;
			files = (
			);
			inputPaths = (
			);
			name = "[CP] Embed Pods Frameworks";
			outputPaths = (
			);
			runOnlyForDeploymentPostprocessing = 0;
			shellPath = /bin/sh;
			shellScript = "\"${SRCROOT}/Pods/Target Support Files/Pods-TouristyTests/Pods-TouristyTests-frameworks.sh\"\n";
			showEnvVarsInLog = 0;
		};
		82B82AC7630D325EF095694B /* [CP] Copy Pods Resources */ = {
			isa = PBXShellScriptBuildPhase;
			buildActionMask = 2147483647;
			files = (
			);
			inputPaths = (
			);
			name = "[CP] Copy Pods Resources";
			outputPaths = (
			);
			runOnlyForDeploymentPostprocessing = 0;
			shellPath = /bin/sh;
			shellScript = "\"${SRCROOT}/Pods/Target Support Files/Pods-TouristyUITests/Pods-TouristyUITests-resources.sh\"\n";
			showEnvVarsInLog = 0;
		};
		837253EC31C26BBD597DBF7B /* [CP] Copy Pods Resources */ = {
			isa = PBXShellScriptBuildPhase;
			buildActionMask = 2147483647;
			files = (
			);
			inputPaths = (
			);
			name = "[CP] Copy Pods Resources";
			outputPaths = (
			);
			runOnlyForDeploymentPostprocessing = 0;
			shellPath = /bin/sh;
			shellScript = "\"${SRCROOT}/Pods/Target Support Files/Pods-Touristy/Pods-Touristy-resources.sh\"\n";
			showEnvVarsInLog = 0;
		};
		93B6058C2F90D6B8A5484138 /* [CP] Check Pods Manifest.lock */ = {
			isa = PBXShellScriptBuildPhase;
			buildActionMask = 2147483647;
			files = (
			);
			inputPaths = (
			);
			name = "[CP] Check Pods Manifest.lock";
			outputPaths = (
			);
			runOnlyForDeploymentPostprocessing = 0;
			shellPath = /bin/sh;
			shellScript = "diff \"${PODS_ROOT}/../Podfile.lock\" \"${PODS_ROOT}/Manifest.lock\" > /dev/null\nif [ $? != 0 ] ; then\n    # print error to STDERR\n    echo \"error: The sandbox is not in sync with the Podfile.lock. Run 'pod install' or update your CocoaPods installation.\" >&2\n    exit 1\nfi\n";
			showEnvVarsInLog = 0;
		};
		A80B4A83924524EC6473263A /* [CP] Embed Pods Frameworks */ = {
			isa = PBXShellScriptBuildPhase;
			buildActionMask = 2147483647;
			files = (
			);
			inputPaths = (
			);
			name = "[CP] Embed Pods Frameworks";
			outputPaths = (
			);
			runOnlyForDeploymentPostprocessing = 0;
			shellPath = /bin/sh;
			shellScript = "\"${SRCROOT}/Pods/Target Support Files/Pods-TouristyUITests/Pods-TouristyUITests-frameworks.sh\"\n";
			showEnvVarsInLog = 0;
		};
		B4828C228FC70124FF72A680 /* [CP] Embed Pods Frameworks */ = {
			isa = PBXShellScriptBuildPhase;
			buildActionMask = 2147483647;
			files = (
			);
			inputPaths = (
			);
			name = "[CP] Embed Pods Frameworks";
			outputPaths = (
			);
			runOnlyForDeploymentPostprocessing = 0;
			shellPath = /bin/sh;
			shellScript = "\"${SRCROOT}/Pods/Target Support Files/Pods-Touristy/Pods-Touristy-frameworks.sh\"\n";
			showEnvVarsInLog = 0;
		};
		F3C0DCD770B5BE144817B669 /* [CP] Check Pods Manifest.lock */ = {
			isa = PBXShellScriptBuildPhase;
			buildActionMask = 2147483647;
			files = (
			);
			inputPaths = (
			);
			name = "[CP] Check Pods Manifest.lock";
			outputPaths = (
			);
			runOnlyForDeploymentPostprocessing = 0;
			shellPath = /bin/sh;
			shellScript = "diff \"${PODS_ROOT}/../Podfile.lock\" \"${PODS_ROOT}/Manifest.lock\" > /dev/null\nif [ $? != 0 ] ; then\n    # print error to STDERR\n    echo \"error: The sandbox is not in sync with the Podfile.lock. Run 'pod install' or update your CocoaPods installation.\" >&2\n    exit 1\nfi\n";
			showEnvVarsInLog = 0;
		};
/* End PBXShellScriptBuildPhase section */

/* Begin PBXSourcesBuildPhase section */
		A7563F481E503E9D003252FA /* Sources */ = {
			isa = PBXSourcesBuildPhase;
			buildActionMask = 2147483647;
			files = (
				A70B7F2C1E54F038003E587A /* FirebaseAPIClient.swift in Sources */,
				A70B7F251E54F038003E587A /* Buttons.swift in Sources */,
				A70B7F3E1E54F038003E587A /* Tourist.swift in Sources */,
				A70B7F341E54F038003E587A /* QueryView.swift in Sources */,
				A74653F51E5ABA5300CC0995 /* TourDataStore.swift in Sources */,
				A70B7F3C1E54F038003E587A /* TabBarController.swift in Sources */,
				A70B7F2D1E54F038003E587A /* HomeView.swift in Sources */,
				A70B7F221E54F038003E587A /* AppScreenViewModel.swift in Sources */,
				A70B7F201E54F038003E587A /* AppScreenView.swift in Sources */,
				A756C68E1E5AEBCC00B718F9 /* SocialMediaAPIClient.swift in Sources */,
				A70B7F2E1E54F038003E587A /* HomeViewController.swift in Sources */,
				A70B7F1F1E54F038003E587A /* AppDelegate.swift in Sources */,
				A70B7F321E54F038003E587A /* MenuView.swift in Sources */,
				A746FB081E5E2AC200D3BF65 /* TourMapViewModel.swift in Sources */,
				A70B7F3A1E54F038003E587A /* SplashViewController.swift in Sources */,
				A70B7F351E54F038003E587A /* QueryViewController.swift in Sources */,
				A70B7F371E54F038003E587A /* SettingsCell.swift in Sources */,
				A70B7F211E54F038003E587A /* AppScreenViewController.swift in Sources */,
				A70B7F331E54F038003E587A /* Query.swift in Sources */,
				A70B7F2A1E54F038003E587A /* Constants.swift in Sources */,
				A70B7F381E54F038003E587A /* SettingsViewController.swift in Sources */,
				A70B7F281E54F038003E587A /* CameraViewController.swift in Sources */,
				A70B7F391E54F038003E587A /* SplashView.swift in Sources */,
				A70B7F431E54F038003E587A /* UIColor+Extension.swift in Sources */,
				A70B7F3F1E54F038003E587A /* TourMapViewController.swift in Sources */,
				A70B7F2B1E54F038003E587A /* DataDefaults.swift in Sources */,
				A70E1D8F1E60414C0056DD32 /* LocationServices.swift in Sources */,
				A7E9911C1E5AAF73001CE354 /* TourAnnotation.swift in Sources */,
				A70B7F361E54F038003E587A /* Secrets.swift in Sources */,
				A70B7F3B1E54F038003E587A /* SplashViewModel.swift in Sources */,
				A70B7F271E54F038003E587A /* Camera.swift in Sources */,
				A70B7F291E54F038003E587A /* ConcurrentOperations.swift in Sources */,
				A70B7F421E54F038003E587A /* TriviaAPIClient.swift in Sources */,
				A70B7F401E54F038003E587A /* TourSpotAnnotationView.swift in Sources */,
				A70B7F441E54F038003E587A /* UserLocationData.swift in Sources */,
				A7E23AE31E5AF65B00F95B21 /* FoodLocations.swift in Sources */,
				A70B7F261E54F038003E587A /* CALayer+Extension.swift in Sources */,
			);
			runOnlyForDeploymentPostprocessing = 0;
		};
		A7563F5C1E503E9D003252FA /* Sources */ = {
			isa = PBXSourcesBuildPhase;
			buildActionMask = 2147483647;
			files = (
				A7563F651E503E9D003252FA /* TouristyTests.swift in Sources */,
			);
			runOnlyForDeploymentPostprocessing = 0;
		};
		A7563F671E503E9D003252FA /* Sources */ = {
			isa = PBXSourcesBuildPhase;
			buildActionMask = 2147483647;
			files = (
				A7563F701E503E9D003252FA /* TouristyUITests.swift in Sources */,
			);
			runOnlyForDeploymentPostprocessing = 0;
		};
/* End PBXSourcesBuildPhase section */

/* Begin PBXTargetDependency section */
		A7563F621E503E9D003252FA /* PBXTargetDependency */ = {
			isa = PBXTargetDependency;
			target = A7563F4B1E503E9D003252FA /* Touristy */;
			targetProxy = A7563F611E503E9D003252FA /* PBXContainerItemProxy */;
		};
		A7563F6D1E503E9D003252FA /* PBXTargetDependency */ = {
			isa = PBXTargetDependency;
			target = A7563F4B1E503E9D003252FA /* Touristy */;
			targetProxy = A7563F6C1E503E9D003252FA /* PBXContainerItemProxy */;
		};
/* End PBXTargetDependency section */

/* Begin XCBuildConfiguration section */
		A7563F721E503E9D003252FA /* Debug */ = {
			isa = XCBuildConfiguration;
			buildSettings = {
				ALWAYS_SEARCH_USER_PATHS = NO;
				CLANG_ANALYZER_NONNULL = YES;
				CLANG_CXX_LANGUAGE_STANDARD = "gnu++0x";
				CLANG_CXX_LIBRARY = "libc++";
				CLANG_ENABLE_MODULES = YES;
				CLANG_ENABLE_OBJC_ARC = YES;
				CLANG_WARN_BOOL_CONVERSION = YES;
				CLANG_WARN_CONSTANT_CONVERSION = YES;
				CLANG_WARN_DIRECT_OBJC_ISA_USAGE = YES_ERROR;
				CLANG_WARN_DOCUMENTATION_COMMENTS = YES;
				CLANG_WARN_EMPTY_BODY = YES;
				CLANG_WARN_ENUM_CONVERSION = YES;
				CLANG_WARN_INFINITE_RECURSION = YES;
				CLANG_WARN_INT_CONVERSION = YES;
				CLANG_WARN_OBJC_ROOT_CLASS = YES_ERROR;
				CLANG_WARN_SUSPICIOUS_MOVE = YES;
				CLANG_WARN_UNREACHABLE_CODE = YES;
				CLANG_WARN__DUPLICATE_METHOD_MATCH = YES;
				"CODE_SIGN_IDENTITY[sdk=iphoneos*]" = "iPhone Developer";
				COPY_PHASE_STRIP = NO;
				DEBUG_INFORMATION_FORMAT = dwarf;
				ENABLE_STRICT_OBJC_MSGSEND = YES;
				ENABLE_TESTABILITY = YES;
				GCC_C_LANGUAGE_STANDARD = gnu99;
				GCC_DYNAMIC_NO_PIC = NO;
				GCC_NO_COMMON_BLOCKS = YES;
				GCC_OPTIMIZATION_LEVEL = 0;
				GCC_PREPROCESSOR_DEFINITIONS = (
					"DEBUG=1",
					"$(inherited)",
				);
				GCC_WARN_64_TO_32_BIT_CONVERSION = YES;
				GCC_WARN_ABOUT_RETURN_TYPE = YES_ERROR;
				GCC_WARN_UNDECLARED_SELECTOR = YES;
				GCC_WARN_UNINITIALIZED_AUTOS = YES_AGGRESSIVE;
				GCC_WARN_UNUSED_FUNCTION = YES;
				GCC_WARN_UNUSED_VARIABLE = YES;
				IPHONEOS_DEPLOYMENT_TARGET = 10.2;
				MTL_ENABLE_DEBUG_INFO = YES;
				ONLY_ACTIVE_ARCH = YES;
				SDKROOT = iphoneos;
				SWIFT_ACTIVE_COMPILATION_CONDITIONS = DEBUG;
				SWIFT_OPTIMIZATION_LEVEL = "-Onone";
			};
			name = Debug;
		};
		A7563F731E503E9D003252FA /* Release */ = {
			isa = XCBuildConfiguration;
			buildSettings = {
				ALWAYS_SEARCH_USER_PATHS = NO;
				CLANG_ANALYZER_NONNULL = YES;
				CLANG_CXX_LANGUAGE_STANDARD = "gnu++0x";
				CLANG_CXX_LIBRARY = "libc++";
				CLANG_ENABLE_MODULES = YES;
				CLANG_ENABLE_OBJC_ARC = YES;
				CLANG_WARN_BOOL_CONVERSION = YES;
				CLANG_WARN_CONSTANT_CONVERSION = YES;
				CLANG_WARN_DIRECT_OBJC_ISA_USAGE = YES_ERROR;
				CLANG_WARN_DOCUMENTATION_COMMENTS = YES;
				CLANG_WARN_EMPTY_BODY = YES;
				CLANG_WARN_ENUM_CONVERSION = YES;
				CLANG_WARN_INFINITE_RECURSION = YES;
				CLANG_WARN_INT_CONVERSION = YES;
				CLANG_WARN_OBJC_ROOT_CLASS = YES_ERROR;
				CLANG_WARN_SUSPICIOUS_MOVE = YES;
				CLANG_WARN_UNREACHABLE_CODE = YES;
				CLANG_WARN__DUPLICATE_METHOD_MATCH = YES;
				"CODE_SIGN_IDENTITY[sdk=iphoneos*]" = "iPhone Developer";
				COPY_PHASE_STRIP = NO;
				DEBUG_INFORMATION_FORMAT = "dwarf-with-dsym";
				ENABLE_NS_ASSERTIONS = NO;
				ENABLE_STRICT_OBJC_MSGSEND = YES;
				GCC_C_LANGUAGE_STANDARD = gnu99;
				GCC_NO_COMMON_BLOCKS = YES;
				GCC_WARN_64_TO_32_BIT_CONVERSION = YES;
				GCC_WARN_ABOUT_RETURN_TYPE = YES_ERROR;
				GCC_WARN_UNDECLARED_SELECTOR = YES;
				GCC_WARN_UNINITIALIZED_AUTOS = YES_AGGRESSIVE;
				GCC_WARN_UNUSED_FUNCTION = YES;
				GCC_WARN_UNUSED_VARIABLE = YES;
				IPHONEOS_DEPLOYMENT_TARGET = 10.2;
				MTL_ENABLE_DEBUG_INFO = NO;
				SDKROOT = iphoneos;
				SWIFT_OPTIMIZATION_LEVEL = "-Owholemodule";
				VALIDATE_PRODUCT = YES;
			};
			name = Release;
		};
		A7563F751E503E9D003252FA /* Debug */ = {
			isa = XCBuildConfiguration;
			baseConfigurationReference = FAF5817D633A407A91290535 /* Pods-Touristy.debug.xcconfig */;
			buildSettings = {
				ALWAYS_EMBED_SWIFT_STANDARD_LIBRARIES = YES;
				ASSETCATALOG_COMPILER_APPICON_NAME = AppIcon;
				CLANG_ENABLE_MODULES = YES;
				DEVELOPMENT_TEAM = 4SZP4Q326F;
				FRAMEWORK_SEARCH_PATHS = (
					"$(inherited)",
					"$(PROJECT_DIR)",
					"$(SRCROOT)/Pods/Firebase/**",
					"$(SRCROOT)/Pods/**",
				);
				HEADER_SEARCH_PATHS = (
					"$(inherited)",
					"${PODS_ROOT}/Firebase/Core/Sources",
					"$(inherited)",
					"\"${PODS_ROOT}/Headers/Public\"",
					"\"${PODS_ROOT}/Headers/Public/Firebase\"",
					"\"${PODS_ROOT}/Headers/Public/FirebaseAnalytics\"",
					"\"${PODS_ROOT}/Headers/Public/FirebaseAuth\"",
					"\"${PODS_ROOT}/Headers/Public/FirebaseCore\"",
					"\"${PODS_ROOT}/Headers/Public/FirebaseDatabase\"",
					"\"${PODS_ROOT}/Headers/Public/FirebaseInstanceID\"",
					"\"${PODS_ROOT}/Headers/Public/GoogleInterchangeUtilities\"",
					"\"${PODS_ROOT}/Headers/Public/GoogleSymbolUtilities\"",
					"\"${PODS_ROOT}/Headers/Public/Mapbox-iOS-SDK\"",
				);
				INFOPLIST_FILE = "$(SRCROOT)/Touristy/AppIncludes/Info.plist";
				LD_RUNPATH_SEARCH_PATHS = "$(inherited) @executable_path/Frameworks";
				PRODUCT_BUNDLE_IDENTIFIER = com.froleeyo.Touristy;
				PRODUCT_NAME = "$(TARGET_NAME)";
				SWIFT_OPTIMIZATION_LEVEL = "-Onone";
				SWIFT_VERSION = 3.0;
			};
			name = Debug;
		};
		A7563F761E503E9D003252FA /* Release */ = {
			isa = XCBuildConfiguration;
			baseConfigurationReference = 2E7A95578A6645BDF94D8E36 /* Pods-Touristy.release.xcconfig */;
			buildSettings = {
				ALWAYS_EMBED_SWIFT_STANDARD_LIBRARIES = YES;
				ASSETCATALOG_COMPILER_APPICON_NAME = AppIcon;
				CLANG_ENABLE_MODULES = YES;
				DEVELOPMENT_TEAM = 4SZP4Q326F;
				FRAMEWORK_SEARCH_PATHS = (
					"$(inherited)",
					"$(PROJECT_DIR)",
					"$(SRCROOT)/Pods/Firebase/**",
					"$(SRCROOT)/Pods/**",
				);
				HEADER_SEARCH_PATHS = (
					"$(inherited)",
					"${PODS_ROOT}/Firebase/Core/Sources",
					"$(inherited)",
					"\"${PODS_ROOT}/Headers/Public\"",
					"\"${PODS_ROOT}/Headers/Public/Firebase\"",
					"\"${PODS_ROOT}/Headers/Public/FirebaseAnalytics\"",
					"\"${PODS_ROOT}/Headers/Public/FirebaseAuth\"",
					"\"${PODS_ROOT}/Headers/Public/FirebaseCore\"",
					"\"${PODS_ROOT}/Headers/Public/FirebaseDatabase\"",
					"\"${PODS_ROOT}/Headers/Public/FirebaseInstanceID\"",
					"\"${PODS_ROOT}/Headers/Public/GoogleInterchangeUtilities\"",
					"\"${PODS_ROOT}/Headers/Public/GoogleSymbolUtilities\"",
					"\"${PODS_ROOT}/Headers/Public/Mapbox-iOS-SDK\"",
				);
				INFOPLIST_FILE = "$(SRCROOT)/Touristy/AppIncludes/Info.plist";
				LD_RUNPATH_SEARCH_PATHS = "$(inherited) @executable_path/Frameworks";
				PRODUCT_BUNDLE_IDENTIFIER = com.froleeyo.Touristy;
				PRODUCT_NAME = "$(TARGET_NAME)";
				SWIFT_VERSION = 3.0;
			};
			name = Release;
		};
		A7563F781E503E9D003252FA /* Debug */ = {
			isa = XCBuildConfiguration;
			baseConfigurationReference = FCF540511C46731EC82F7BC3 /* Pods-TouristyTests.debug.xcconfig */;
			buildSettings = {
				ALWAYS_EMBED_SWIFT_STANDARD_LIBRARIES = YES;
				BUNDLE_LOADER = "$(TEST_HOST)";
				DEVELOPMENT_TEAM = 4SZP4Q326F;
				FRAMEWORK_SEARCH_PATHS = (
					"$(inherited)",
					"\"$PODS_CONFIGURATION_BUILD_DIR/GTMSessionFetcher\"",
					"\"$PODS_CONFIGURATION_BUILD_DIR/GoogleToolboxForMac\"",
					"\"$PODS_CONFIGURATION_BUILD_DIR/MapboxDirections.swift\"",
					"\"$PODS_CONFIGURATION_BUILD_DIR/MapboxGeocoder.swift\"",
					"\"$PODS_CONFIGURATION_BUILD_DIR/Polyline\"",
					"\"$PODS_CONFIGURATION_BUILD_DIR/SnapKit\"",
					"\"${SRCROOT}/Pods/Google\"/**",
					"${PODS_ROOT}/Google/Headers/**",
					"$(SRCROOT)/Pods/Firebase/**",
				);
				HEADER_SEARCH_PATHS = (
					"$(inherited)",
					"\"${PODS_ROOT}/Headers/Public\"",
					"\"${PODS_ROOT}/Headers/Public/Firebase\"",
					"\"${PODS_ROOT}/Headers/Public/FirebaseAnalytics\"",
					"\"${PODS_ROOT}/Headers/Public/FirebaseAuth\"",
					"\"${PODS_ROOT}/Headers/Public/FirebaseCore\"",
					"\"${PODS_ROOT}/Headers/Public/FirebaseDatabase\"",
					"\"${PODS_ROOT}/Headers/Public/FirebaseInstanceID\"",
					"\"${PODS_ROOT}/Headers/Public/GoogleInterchangeUtilities\"",
					"\"${PODS_ROOT}/Headers/Public/GoogleSymbolUtilities\"",
					"\"${PODS_ROOT}/Headers/Public/Mapbox-iOS-SDK\"",
					"$(SRCROOT)/Pods/**",
					"\"${SRCROOT}/Pods/Google\"/**",
					"$(SRCROOT)/Pods/Firebase/**",
				);
				INFOPLIST_FILE = TouristyTests/Info.plist;
				LD_RUNPATH_SEARCH_PATHS = "$(inherited) @executable_path/Frameworks @loader_path/Frameworks";
				PRODUCT_BUNDLE_IDENTIFIER = com.froleeyo.TouristyTests;
				PRODUCT_NAME = "$(TARGET_NAME)";
				SWIFT_VERSION = 3.0;
				TEST_HOST = "$(BUILT_PRODUCTS_DIR)/Touristy.app/Touristy";
			};
			name = Debug;
		};
		A7563F791E503E9D003252FA /* Release */ = {
			isa = XCBuildConfiguration;
			baseConfigurationReference = 7A4AB0C357325C50140BA1C2 /* Pods-TouristyTests.release.xcconfig */;
			buildSettings = {
				ALWAYS_EMBED_SWIFT_STANDARD_LIBRARIES = YES;
				BUNDLE_LOADER = "$(TEST_HOST)";
				DEVELOPMENT_TEAM = 4SZP4Q326F;
				FRAMEWORK_SEARCH_PATHS = (
					"$(inherited)",
					"\"$PODS_CONFIGURATION_BUILD_DIR/GTMSessionFetcher\"",
					"\"$PODS_CONFIGURATION_BUILD_DIR/GoogleToolboxForMac\"",
					"\"$PODS_CONFIGURATION_BUILD_DIR/MapboxDirections.swift\"",
					"\"$PODS_CONFIGURATION_BUILD_DIR/MapboxGeocoder.swift\"",
					"\"$PODS_CONFIGURATION_BUILD_DIR/Polyline\"",
					"\"$PODS_CONFIGURATION_BUILD_DIR/SnapKit\"",
					"\"${SRCROOT}/Pods/Google\"/**",
					"${PODS_ROOT}/Google/Headers/**",
					"$(SRCROOT)/Pods/Firebase/**",
				);
				HEADER_SEARCH_PATHS = (
					"$(inherited)",
					"\"${PODS_ROOT}/Headers/Public\"",
					"\"${PODS_ROOT}/Headers/Public/Firebase\"",
					"\"${PODS_ROOT}/Headers/Public/FirebaseAnalytics\"",
					"\"${PODS_ROOT}/Headers/Public/FirebaseAuth\"",
					"\"${PODS_ROOT}/Headers/Public/FirebaseCore\"",
					"\"${PODS_ROOT}/Headers/Public/FirebaseDatabase\"",
					"\"${PODS_ROOT}/Headers/Public/FirebaseInstanceID\"",
					"\"${PODS_ROOT}/Headers/Public/GoogleInterchangeUtilities\"",
					"\"${PODS_ROOT}/Headers/Public/GoogleSymbolUtilities\"",
					"\"${PODS_ROOT}/Headers/Public/Mapbox-iOS-SDK\"",
					"$(SRCROOT)/Pods/**",
					"\"${SRCROOT}/Pods/Google\"/**",
					"$(SRCROOT)/Pods/Firebase/**",
				);
				INFOPLIST_FILE = TouristyTests/Info.plist;
				LD_RUNPATH_SEARCH_PATHS = "$(inherited) @executable_path/Frameworks @loader_path/Frameworks";
				PRODUCT_BUNDLE_IDENTIFIER = com.froleeyo.TouristyTests;
				PRODUCT_NAME = "$(TARGET_NAME)";
				SWIFT_VERSION = 3.0;
				TEST_HOST = "$(BUILT_PRODUCTS_DIR)/Touristy.app/Touristy";
			};
			name = Release;
		};
		A7563F7B1E503E9D003252FA /* Debug */ = {
			isa = XCBuildConfiguration;
			baseConfigurationReference = 0B78FA761A3D13FB14DCB22F /* Pods-TouristyUITests.debug.xcconfig */;
			buildSettings = {
				ALWAYS_EMBED_SWIFT_STANDARD_LIBRARIES = YES;
				DEVELOPMENT_TEAM = 4SZP4Q326F;
				HEADER_SEARCH_PATHS = (
					"$(inherited)",
					"\"${PODS_ROOT}/Headers/Public\"",
					"\"${PODS_ROOT}/Headers/Public/Firebase\"",
					"\"${PODS_ROOT}/Headers/Public/FirebaseAnalytics\"",
					"\"${PODS_ROOT}/Headers/Public/FirebaseAuth\"",
					"\"${PODS_ROOT}/Headers/Public/FirebaseCore\"",
					"\"${PODS_ROOT}/Headers/Public/FirebaseDatabase\"",
					"\"${PODS_ROOT}/Headers/Public/FirebaseInstanceID\"",
					"\"${PODS_ROOT}/Headers/Public/GoogleInterchangeUtilities\"",
					"\"${PODS_ROOT}/Headers/Public/GoogleSymbolUtilities\"",
					"\"${PODS_ROOT}/Headers/Public/Mapbox-iOS-SDK\"",
					"$(SRCROOT)/Pods/**",
				);
				INFOPLIST_FILE = TouristyUITests/Info.plist;
				LD_RUNPATH_SEARCH_PATHS = "$(inherited) @executable_path/Frameworks @loader_path/Frameworks";
				PRODUCT_BUNDLE_IDENTIFIER = com.froleeyo.TouristyUITests;
				PRODUCT_NAME = "$(TARGET_NAME)";
				SWIFT_VERSION = 3.0;
				TEST_TARGET_NAME = Touristy;
			};
			name = Debug;
		};
		A7563F7C1E503E9D003252FA /* Release */ = {
			isa = XCBuildConfiguration;
			baseConfigurationReference = 33192084FC4A1513003DEBC7 /* Pods-TouristyUITests.release.xcconfig */;
			buildSettings = {
				ALWAYS_EMBED_SWIFT_STANDARD_LIBRARIES = YES;
				DEVELOPMENT_TEAM = 4SZP4Q326F;
				HEADER_SEARCH_PATHS = (
					"$(inherited)",
					"\"${PODS_ROOT}/Headers/Public\"",
					"\"${PODS_ROOT}/Headers/Public/Firebase\"",
					"\"${PODS_ROOT}/Headers/Public/FirebaseAnalytics\"",
					"\"${PODS_ROOT}/Headers/Public/FirebaseAuth\"",
					"\"${PODS_ROOT}/Headers/Public/FirebaseCore\"",
					"\"${PODS_ROOT}/Headers/Public/FirebaseDatabase\"",
					"\"${PODS_ROOT}/Headers/Public/FirebaseInstanceID\"",
					"\"${PODS_ROOT}/Headers/Public/GoogleInterchangeUtilities\"",
					"\"${PODS_ROOT}/Headers/Public/GoogleSymbolUtilities\"",
					"\"${PODS_ROOT}/Headers/Public/Mapbox-iOS-SDK\"",
					"$(SRCROOT)/Pods/**",
				);
				INFOPLIST_FILE = TouristyUITests/Info.plist;
				LD_RUNPATH_SEARCH_PATHS = "$(inherited) @executable_path/Frameworks @loader_path/Frameworks";
				PRODUCT_BUNDLE_IDENTIFIER = com.froleeyo.TouristyUITests;
				PRODUCT_NAME = "$(TARGET_NAME)";
				SWIFT_VERSION = 3.0;
				TEST_TARGET_NAME = Touristy;
			};
			name = Release;
		};
/* End XCBuildConfiguration section */

/* Begin XCConfigurationList section */
		A7563F471E503E9D003252FA /* Build configuration list for PBXProject "Touristy" */ = {
			isa = XCConfigurationList;
			buildConfigurations = (
				A7563F721E503E9D003252FA /* Debug */,
				A7563F731E503E9D003252FA /* Release */,
			);
			defaultConfigurationIsVisible = 0;
			defaultConfigurationName = Release;
		};
		A7563F741E503E9D003252FA /* Build configuration list for PBXNativeTarget "Touristy" */ = {
			isa = XCConfigurationList;
			buildConfigurations = (
				A7563F751E503E9D003252FA /* Debug */,
				A7563F761E503E9D003252FA /* Release */,
			);
			defaultConfigurationIsVisible = 0;
			defaultConfigurationName = Release;
		};
		A7563F771E503E9D003252FA /* Build configuration list for PBXNativeTarget "TouristyTests" */ = {
			isa = XCConfigurationList;
			buildConfigurations = (
				A7563F781E503E9D003252FA /* Debug */,
				A7563F791E503E9D003252FA /* Release */,
			);
			defaultConfigurationIsVisible = 0;
			defaultConfigurationName = Release;
		};
		A7563F7A1E503E9D003252FA /* Build configuration list for PBXNativeTarget "TouristyUITests" */ = {
			isa = XCConfigurationList;
			buildConfigurations = (
				A7563F7B1E503E9D003252FA /* Debug */,
				A7563F7C1E503E9D003252FA /* Release */,
			);
			defaultConfigurationIsVisible = 0;
			defaultConfigurationName = Release;
		};
/* End XCConfigurationList section */
	};
	rootObject = A7563F441E503E9D003252FA /* Project object */;
}
